version: 2.0
shards:
  compiled_license:
    git: https://github.com/elorest/compiled_license.git
    version: 1.2.2

  fzy:
    git: https://github.com/hugopl/fzy.git
    version: 0.5.2

  gi-crystal:
    git: https://github.com/hugopl/gi-crystal.git
    version: 0.1.0+git.commit.624b4f23d776d61d4a80c45527199c6f1fd7a5f3

  gtk4:
    git: https://github.com/hugopl/gtk4.cr.git
    version: 0.1.0+git.commit.7a8504a3ed8d2bbcd19f109031820a329a178f20

  toml:
    git: https://github.com/crystal-community/toml.cr.git
    version: 0.7.0+git.commit.98512f65a24f7846e6279cf48bbc0e72cd69c5f8

  version_from_shard:
    git: https://github.com/hugopl/version_from_shard.git
    version: 1.2.5

